
Microsoft Visual Studio Solution File, Format Version 12.00
# Visual Studio Version 17
VisualStudioVersion = 17.9.34728.123
MinimumVisualStudioVersion = 10.0.40219.1
Project("{FAE04EC0-301F-11D3-BF4B-00C04F79EFBC}") = "Deliverable 2", "Deliverable 2\Deliverable 2.csproj", "{EC238D1D-150D-4EF2-A825-245268634893}"
EndProject
Global
	GlobalSection(SolutionConfigurationPlatforms) = preSolution
		Debug|Any CPU = Debug|Any CPU
		Release|Any CPU = Release|Any CPU
	EndGlobalSection
	GlobalSection(ProjectConfigurationPlatforms) = postSolution
		{EC238D1D-150D-4EF2-A825-245268634893}.Debug|Any CPU.ActiveCfg = Debug|Any CPU
		{EC238D1D-150D-4EF2-A825-245268634893}.Debug|Any CPU.Build.0 = Debug|Any CPU
		{EC238D1D-150D-4EF2-A825-245268634893}.Release|Any CPU.ActiveCfg = Release|Any CPU
		{EC238D1D-150D-4EF2-A825-245268634893}.Release|Any CPU.Build.0 = Release|Any CPU
	EndGlobalSection
	GlobalSection(SolutionProperties) = preSolution
		HideSolutionNode = FALSE
	EndGlobalSection
	GlobalSection(ExtensibilityGlobals) = postSolution
		SolutionGuid = {73E75A5A-6E8F-4BA6-AB8D-CF7DEDCDFC7C}
	EndGlobalSection
EndGlobal
